
Microsoft Visual Studio Solution File, Format Version 12.00
# Visual Studio 15
VisualStudioVersion = 15.0.27004.2010
MinimumVisualStudioVersion = 10.0.40219.1
Project("{9A19103F-16F7-4668-BE54-9A1E7A4F7556}") = "QBlog.Core", "QBlog.Core\QBlog.Core.csproj", "{EF15D48D-8D7B-4CAF-9A37-EA854D285DBC}"
EndProject
Project("{9A19103F-16F7-4668-BE54-9A1E7A4F7556}") = "QBlog.DataAccess", "QBlog.DataAccess\QBlog.DataAccess.csproj", "{20A1146F-7BFF-442D-B8CB-1C3964D15CCF}"
EndProject
Project("{9A19103F-16F7-4668-BE54-9A1E7A4F7556}") = "QBlog.Api", "QBlog.Api\QBlog.Api.csproj", "{AE6AFC95-B401-4DE6-9284-64BB9751E39D}"
EndProject
Project("{FAE04EC0-301F-11D3-BF4B-00C04F79EFBC}") = "QBlog.UI", "QBlog.UI\QBlog.UI.csproj", "{650F7CCA-D5D8-45EC-A2E3-71DDE25C66B3}"
EndProject
Global
	GlobalSection(SolutionConfigurationPlatforms) = preSolution
		Debug|Any CPU = Debug|Any CPU
		Release|Any CPU = Release|Any CPU
	EndGlobalSection
	GlobalSection(ProjectConfigurationPlatforms) = postSolution
		{EF15D48D-8D7B-4CAF-9A37-EA854D285DBC}.Debug|Any CPU.ActiveCfg = Debug|Any CPU
		{EF15D48D-8D7B-4CAF-9A37-EA854D285DBC}.Debug|Any CPU.Build.0 = Debug|Any CPU
		{EF15D48D-8D7B-4CAF-9A37-EA854D285DBC}.Release|Any CPU.ActiveCfg = Release|Any CPU
		{EF15D48D-8D7B-4CAF-9A37-EA854D285DBC}.Release|Any CPU.Build.0 = Release|Any CPU
		{20A1146F-7BFF-442D-B8CB-1C3964D15CCF}.Debug|Any CPU.ActiveCfg = Debug|Any CPU
		{20A1146F-7BFF-442D-B8CB-1C3964D15CCF}.Debug|Any CPU.Build.0 = Debug|Any CPU
		{20A1146F-7BFF-442D-B8CB-1C3964D15CCF}.Release|Any CPU.ActiveCfg = Release|Any CPU
		{20A1146F-7BFF-442D-B8CB-1C3964D15CCF}.Release|Any CPU.Build.0 = Release|Any CPU
		{AE6AFC95-B401-4DE6-9284-64BB9751E39D}.Debug|Any CPU.ActiveCfg = Debug|Any CPU
		{AE6AFC95-B401-4DE6-9284-64BB9751E39D}.Debug|Any CPU.Build.0 = Debug|Any CPU
		{AE6AFC95-B401-4DE6-9284-64BB9751E39D}.Release|Any CPU.ActiveCfg = Release|Any CPU
		{AE6AFC95-B401-4DE6-9284-64BB9751E39D}.Release|Any CPU.Build.0 = Release|Any CPU
		{650F7CCA-D5D8-45EC-A2E3-71DDE25C66B3}.Debug|Any CPU.ActiveCfg = Debug|Any CPU
		{650F7CCA-D5D8-45EC-A2E3-71DDE25C66B3}.Debug|Any CPU.Build.0 = Debug|Any CPU
		{650F7CCA-D5D8-45EC-A2E3-71DDE25C66B3}.Release|Any CPU.ActiveCfg = Release|Any CPU
		{650F7CCA-D5D8-45EC-A2E3-71DDE25C66B3}.Release|Any CPU.Build.0 = Release|Any CPU
	EndGlobalSection
	GlobalSection(SolutionProperties) = preSolution
		HideSolutionNode = FALSE
	EndGlobalSection
	GlobalSection(ExtensibilityGlobals) = postSolution
		SolutionGuid = {5F6B373A-16B0-4EE9-A1B1-BC9C413A4F07}
	EndGlobalSection
EndGlobal
